
Microsoft Visual Studio Solution File, Format Version 12.00
# Visual Studio Version 16
VisualStudioVersion = 16.0.31911.196
MinimumVisualStudioVersion = 10.0.40219.1
Project("{FAE04EC0-301F-11D3-BF4B-00C04F79EFBC}") = "Laborator2", "Laborator2.csproj", "{10BB8A5A-88A6-4284-BF9D-BC2C0426C74B}"
EndProject
Global
	GlobalSection(SolutionConfigurationPlatforms) = preSolution
		Debug|Any CPU = Debug|Any CPU
		Release|Any CPU = Release|Any CPU
	EndGlobalSection
	GlobalSection(ProjectConfigurationPlatforms) = postSolution
		{10BB8A5A-88A6-4284-BF9D-BC2C0426C74B}.Debug|Any CPU.ActiveCfg = Debug|Any CPU
		{10BB8A5A-88A6-4284-BF9D-BC2C0426C74B}.Debug|Any CPU.Build.0 = Debug|Any CPU
		{10BB8A5A-88A6-4284-BF9D-BC2C0426C74B}.Release|Any CPU.ActiveCfg = Release|Any CPU
		{10BB8A5A-88A6-4284-BF9D-BC2C0426C74B}.Release|Any CPU.Build.0 = Release|Any CPU
	EndGlobalSection
	GlobalSection(SolutionProperties) = preSolution
		HideSolutionNode = FALSE
	EndGlobalSection
	GlobalSection(ExtensibilityGlobals) = postSolution
		SolutionGuid = {BDC0B370-E26C-452B-8301-48B2135D2EDC}
	EndGlobalSection
EndGlobal
